
Microsoft Visual Studio Solution File, Format Version 12.00
# Visual Studio Version 16
VisualStudioVersion = 16.0.31605.320
MinimumVisualStudioVersion = 10.0.40219.1
Project("{9A19103F-16F7-4668-BE54-9A1E7A4F7556}") = "DataAccess", "DataAccess\DataAccess.csproj", "{3C7FA1C6-FE9A-4973-AF4A-712F4EC6C3C8}"
EndProject
Project("{9A19103F-16F7-4668-BE54-9A1E7A4F7556}") = "Business", "Business\Business.csproj", "{574B2963-F539-4D6E-ABA9-E01015C0A78A}"
EndProject
Project("{9A19103F-16F7-4668-BE54-9A1E7A4F7556}") = "Entites", "Entites\Entites.csproj", "{A1F7D055-CCDF-4002-9183-9DE96C0E78BB}"
EndProject
Project("{9A19103F-16F7-4668-BE54-9A1E7A4F7556}") = "ConsoleUI", "ConsoleUI\ConsoleUI.csproj", "{C6845111-FBDD-43CB-8F44-4A1443F63EBC}"
EndProject
Project("{9A19103F-16F7-4668-BE54-9A1E7A4F7556}") = "Core", "Coree\Core.csproj", "{F7B9E6F3-920B-4689-98A0-5023212F7254}"
EndProject
Project("{FAE04EC0-301F-11D3-BF4B-00C04F79EFBC}") = "WebApı", "WebApı\WebApı.csproj", "{750D771B-C809-4876-854F-4F7D28E4A86E}"
EndProject
Global
	GlobalSection(SolutionConfigurationPlatforms) = preSolution
		Debug|Any CPU = Debug|Any CPU
		Release|Any CPU = Release|Any CPU
	EndGlobalSection
	GlobalSection(ProjectConfigurationPlatforms) = postSolution
		{3C7FA1C6-FE9A-4973-AF4A-712F4EC6C3C8}.Debug|Any CPU.ActiveCfg = Debug|Any CPU
		{3C7FA1C6-FE9A-4973-AF4A-712F4EC6C3C8}.Debug|Any CPU.Build.0 = Debug|Any CPU
		{3C7FA1C6-FE9A-4973-AF4A-712F4EC6C3C8}.Release|Any CPU.ActiveCfg = Release|Any CPU
		{3C7FA1C6-FE9A-4973-AF4A-712F4EC6C3C8}.Release|Any CPU.Build.0 = Release|Any CPU
		{574B2963-F539-4D6E-ABA9-E01015C0A78A}.Debug|Any CPU.ActiveCfg = Debug|Any CPU
		{574B2963-F539-4D6E-ABA9-E01015C0A78A}.Debug|Any CPU.Build.0 = Debug|Any CPU
		{574B2963-F539-4D6E-ABA9-E01015C0A78A}.Release|Any CPU.ActiveCfg = Release|Any CPU
		{574B2963-F539-4D6E-ABA9-E01015C0A78A}.Release|Any CPU.Build.0 = Release|Any CPU
		{A1F7D055-CCDF-4002-9183-9DE96C0E78BB}.Debug|Any CPU.ActiveCfg = Debug|Any CPU
		{A1F7D055-CCDF-4002-9183-9DE96C0E78BB}.Debug|Any CPU.Build.0 = Debug|Any CPU
		{A1F7D055-CCDF-4002-9183-9DE96C0E78BB}.Release|Any CPU.ActiveCfg = Release|Any CPU
		{A1F7D055-CCDF-4002-9183-9DE96C0E78BB}.Release|Any CPU.Build.0 = Release|Any CPU
		{C6845111-FBDD-43CB-8F44-4A1443F63EBC}.Debug|Any CPU.ActiveCfg = Debug|Any CPU
		{C6845111-FBDD-43CB-8F44-4A1443F63EBC}.Debug|Any CPU.Build.0 = Debug|Any CPU
		{C6845111-FBDD-43CB-8F44-4A1443F63EBC}.Release|Any CPU.ActiveCfg = Release|Any CPU
		{C6845111-FBDD-43CB-8F44-4A1443F63EBC}.Release|Any CPU.Build.0 = Release|Any CPU
		{F7B9E6F3-920B-4689-98A0-5023212F7254}.Debug|Any CPU.ActiveCfg = Debug|Any CPU
		{F7B9E6F3-920B-4689-98A0-5023212F7254}.Debug|Any CPU.Build.0 = Debug|Any CPU
		{F7B9E6F3-920B-4689-98A0-5023212F7254}.Release|Any CPU.ActiveCfg = Release|Any CPU
		{F7B9E6F3-920B-4689-98A0-5023212F7254}.Release|Any CPU.Build.0 = Release|Any CPU
		{750D771B-C809-4876-854F-4F7D28E4A86E}.Debug|Any CPU.ActiveCfg = Debug|Any CPU
		{750D771B-C809-4876-854F-4F7D28E4A86E}.Debug|Any CPU.Build.0 = Debug|Any CPU
		{750D771B-C809-4876-854F-4F7D28E4A86E}.Release|Any CPU.ActiveCfg = Release|Any CPU
		{750D771B-C809-4876-854F-4F7D28E4A86E}.Release|Any CPU.Build.0 = Release|Any CPU
	EndGlobalSection
	GlobalSection(SolutionProperties) = preSolution
		HideSolutionNode = FALSE
	EndGlobalSection
	GlobalSection(ExtensibilityGlobals) = postSolution
		SolutionGuid = {9DC2B393-9535-4F29-8FAD-DAA14900E3AE}
	EndGlobalSection
EndGlobal
